<?xml version="1.0" encoding="utf-8"?>
<Project ToolsVersion="4.0" xmlns="http://schemas.microsoft.com/developer/msbuild/2003">
  <ItemGroup>
    <Filter Include="소스 파일">
      <UniqueIdentifier>{4FC737F1-C7A5-4376-A066-2A32D752A2FF}</UniqueIdentifier>
      <Extensions>cpp;c;cc;cxx;c++;cppm;ixx;def;odl;idl;hpj;bat;asm;asmx</Extensions>
    </Filter>
    <Filter Include="헤더 파일">
      <UniqueIdentifier>{93995380-89BD-4b04-88EB-625FBE52EBFB}</UniqueIdentifier>
      <Extensions>h;hh;hpp;hxx;h++;hm;inl;inc;ipp;xsd</Extensions>
    </Filter>
    <Filter Include="리소스 파일">
      <UniqueIdentifier>{67DA6AB6-F800-4c08-8B7A-83BB121AAD01}</UniqueIdentifier>
      <Extensions>rc;ico;cur;bmp;dlg;rc2;rct;bin;rgs;gif;jpg;jpeg;jpe;resx;tiff;tif;png;wav;mfcribbon-ms</Extensions>
    </Filter>
  </ItemGroup>
  <ItemGroup>
    <ClCompile Include="..\code files\35_dowhile기본예제.c">
      <Filter>소스 파일</Filter>
    </ClCompile>
    <ClCompile Include="..\code files\34_배수의합계산프로그램.c">
      <Filter>소스 파일</Filter>
    </ClCompile>
    <ClCompile Include="..\code files\1_개인정보출력.c">
      <Filter>소스 파일</Filter>
    </ClCompile>
    <ClCompile Include="..\code files\2_도형출력.c">
      <Filter>소스 파일</Filter>
    </ClCompile>
    <ClCompile Include="..\code files\3_형식지정자출력.c">
      <Filter>소스 파일</Filter>
    </ClCompile>
    <ClCompile Include="..\code files\4_구구단출력.c">
      <Filter>소스 파일</Filter>
    </ClCompile>
    <ClCompile Include="..\code files\5_변수덧셈출력.c">
      <Filter>소스 파일</Filter>
    </ClCompile>
    <ClCompile Include="..\code files\6_입력받은정수합계.c">
      <Filter>소스 파일</Filter>
    </ClCompile>
    <ClCompile Include="..\code files\7_원의면적계산.c">
      <Filter>소스 파일</Filter>
    </ClCompile>
    <ClCompile Include="..\code files\8_여러자료형사용.c">
      <Filter>소스 파일</Filter>
    </ClCompile>
    <ClCompile Include="..\code files\9_문자입출력.c">
      <Filter>소스 파일</Filter>
    </ClCompile>
    <ClCompile Include="..\code files\10_자료형크기출력.c">
      <Filter>소스 파일</Filter>
    </ClCompile>
    <ClCompile Include="..\code files\11_태양에서빛이오는시간계산.c">
      <Filter>소스 파일</Filter>
    </ClCompile>
    <ClCompile Include="..\code files\12_몫나머지구하기.c">
      <Filter>소스 파일</Filter>
    </ClCompile>
    <ClCompile Include="..\code files\13_거스름돈계산.c">
      <Filter>소스 파일</Filter>
    </ClCompile>
    <ClCompile Include="..\code files\14_온도변환표출력.c">
      <Filter>소스 파일</Filter>
    </ClCompile>
    <ClCompile Include="..\code files\15_구의부피계산.c">
      <Filter>소스 파일</Filter>
    </ClCompile>
    <ClCompile Include="..\code files\16_탄도위치계산.c">
      <Filter>소스 파일</Filter>
    </ClCompile>
    <ClCompile Include="..\code files\17_홀짝구별하기.c">
      <Filter>소스 파일</Filter>
    </ClCompile>
    <ClCompile Include="..\code files\18_큰수구별하기.c">
      <Filter>소스 파일</Filter>
    </ClCompile>
    <ClCompile Include="..\code files\19_윤년판단.c">
      <Filter>소스 파일</Filter>
    </ClCompile>
    <ClCompile Include="..\code files\20_성적에따라학점출력.c">
      <Filter>소스 파일</Filter>
    </ClCompile>
    <ClCompile Include="..\code files\21_이차방정식.c">
      <Filter>소스 파일</Filter>
    </ClCompile>
    <ClCompile Include="..\code files\22_계산기만들기.c">
      <Filter>소스 파일</Filter>
    </ClCompile>
    <ClCompile Include="..\code files\23_달의일수출력.c">
      <Filter>소스 파일</Filter>
    </ClCompile>
    <ClCompile Include="..\code files\24_계산기만들기2.c">
      <Filter>소스 파일</Filter>
    </ClCompile>
    <ClCompile Include="..\code files\25_학점평가.c">
      <Filter>소스 파일</Filter>
    </ClCompile>
    <ClCompile Include="..\code files\26_어드벤처게임.c">
      <Filter>소스 파일</Filter>
    </ClCompile>
    <ClCompile Include="..\code files\27_큰수작은수찾기.c">
      <Filter>소스 파일</Filter>
    </ClCompile>
    <ClCompile Include="..\code files\28_0부터9까지출력.c">
      <Filter>소스 파일</Filter>
    </ClCompile>
    <ClCompile Include="..\code files\29_1부터10까지의합계산.c">
      <Filter>소스 파일</Filter>
    </ClCompile>
    <ClCompile Include="..\code files\30_팩토리얼계산.c">
      <Filter>소스 파일</Filter>
    </ClCompile>
    <ClCompile Include="..\code files\31_구구단출력.c">
      <Filter>소스 파일</Filter>
    </ClCompile>
    <ClCompile Include="..\code files\32_최솟값구하기.c">
      <Filter>소스 파일</Filter>
    </ClCompile>
    <ClCompile Include="..\code files\33_카운트다운프로그램.c">
      <Filter>소스 파일</Filter>
    </ClCompile>
    <ClCompile Include="..\code files\36_0입력할때까지합계구하기.c">
      <Filter>소스 파일</Filter>
    </ClCompile>
    <ClCompile Include="..\code files\37_신호등프로그램.c">
      <Filter>소스 파일</Filter>
    </ClCompile>
    <ClCompile Include="..\code files\38_정수들의합.c">
      <Filter>소스 파일</Filter>
    </ClCompile>
    <ClCompile Include="..\code files\39_팩토리얼계산.c">
      <Filter>소스 파일</Filter>
    </ClCompile>
    <ClCompile Include="..\code files\40_온도변환테이블출력.c">
      <Filter>소스 파일</Filter>
    </ClCompile>
    <ClCompile Include="..\code files\41_화면에사각형그리기.c">
      <Filter>소스 파일</Filter>
    </ClCompile>
    <ClCompile Include="..\code files\42_함수그래프만들기.c">
      <Filter>소스 파일</Filter>
    </ClCompile>
    <ClCompile Include="..\code files\43_수열값계산.c">
      <Filter>소스 파일</Filter>
    </ClCompile>
    <ClCompile Include="..\code files\44_약수계산.c">
      <Filter>소스 파일</Filter>
    </ClCompile>
    <ClCompile Include="..\code files\45_구구단출력하기.c">
      <Filter>소스 파일</Filter>
    </ClCompile>
    <ClCompile Include="..\code files\46_주사위경우의수.c">
      <Filter>소스 파일</Filter>
    </ClCompile>
    <ClCompile Include="..\code files\47_break를이용한반복종료.c">
      <Filter>소스 파일</Filter>
    </ClCompile>
    <ClCompile Include="..\code files\48_배터리관리.c">
      <Filter>소스 파일</Filter>
    </ClCompile>
    <ClCompile Include="..\code files\49_숫자맞추기게임.c">
      <Filter>소스 파일</Filter>
    </ClCompile>
    <ClCompile Include="..\code files\50_직각삼각형찾기.c">
      <Filter>소스 파일</Filter>
    </ClCompile>
    <ClCompile Include="..\code files\51_성적처리.c">
      <Filter>소스 파일</Filter>
    </ClCompile>
    <ClCompile Include="..\code files\52_선수평균득점계산.c">
      <Filter>소스 파일</Filter>
    </ClCompile>
    <ClCompile Include="..\code files\53_주사위던지기.c">
      <Filter>소스 파일</Filter>
    </ClCompile>
    <ClCompile Include="..\code files\54_극장예약시스템.c">
      <Filter>소스 파일</Filter>
    </ClCompile>
    <ClCompile Include="..\code files\55_배열에서최소최대값찾기.c">
      <Filter>소스 파일</Filter>
    </ClCompile>
    <ClCompile Include="..\code files\56_배열에서특정값찾기.c">
      <Filter>소스 파일</Filter>
    </ClCompile>
    <ClCompile Include="..\code files\57_히스토그램그리기.c">
      <Filter>소스 파일</Filter>
    </ClCompile>
    <ClCompile Include="..\code files\58_인기투표결과구하기.c">
      <Filter>소스 파일</Filter>
    </ClCompile>
    <ClCompile Include="..\code files\59_2차원배열초기화.c">
      <Filter>소스 파일</Filter>
    </ClCompile>
    <ClCompile Include="..\code files\60_행렬덧셈.c">
      <Filter>소스 파일</Filter>
    </ClCompile>
    <ClCompile Include="..\code files\61_영화평점계산하기.c">
      <Filter>소스 파일</Filter>
    </ClCompile>
    <ClCompile Include="..\code files\62_문자열길이구하기.c">
      <Filter>소스 파일</Filter>
    </ClCompile>
    <ClCompile Include="..\code files\63_두수중큰수찾기.c">
      <Filter>소스 파일</Filter>
    </ClCompile>
    <ClCompile Include="..\code files\64_온도변환함수.c">
      <Filter>소스 파일</Filter>
    </ClCompile>
    <ClCompile Include="..\code files\65_소수찾기.c">
      <Filter>소스 파일</Filter>
    </ClCompile>
    <ClCompile Include="..\code files\66_로또번호생성.c">
      <Filter>소스 파일</Filter>
    </ClCompile>
    <ClCompile Include="..\code files\67_동전던지기게임.c">
      <Filter>소스 파일</Filter>
    </ClCompile>
    <ClCompile Include="..\code files\68_불규칙점그리기.c">
      <Filter>소스 파일</Filter>
    </ClCompile>
    <ClCompile Include="..\code files\69_삼각함수관계식계산.c">
      <Filter>소스 파일</Filter>
    </ClCompile>
    <ClCompile Include="..\code files\70_삼각함수그리기.c">
      <Filter>소스 파일</Filter>
    </ClCompile>
    <ClCompile Include="..\code files\71_자동차경주.c">
      <Filter>소스 파일</Filter>
    </ClCompile>
    <ClCompile Include="..\code files\72_자동차경주2.c">
      <Filter>소스 파일</Filter>
    </ClCompile>
    <ClCompile Include="..\code files\73_외계인게임.c">
      <Filter>소스 파일</Filter>
    </ClCompile>
    <ClCompile Include="..\code files\74_저축금액누적하기.c">
      <Filter>소스 파일</Filter>
    </ClCompile>
    <ClCompile Include="..\code files\75_정적변수를사용한초기화.c">
      <Filter>소스 파일</Filter>
    </ClCompile>
  </ItemGroup>
</Project>